
Microsoft Visual Studio Solution File, Format Version 12.00
# Visual Studio 2013
VisualStudioVersion = 12.0.21005.1
MinimumVisualStudioVersion = 10.0.40219.1
Project("{FAE04EC0-301F-11D3-BF4B-00C04F79EFBC}") = "AccurPdfCrop", "AccurPdfCrop\AccurPdfCrop.csproj", "{F17EA532-6F29-4884-A11D-36835E775DD3}"
EndProject
Project("{FAE04EC0-301F-11D3-BF4B-00C04F79EFBC}") = "AccurPdfCrop.WPF", "AccurPdfCrop.WPF\AccurPdfCrop.WPF.csproj", "{D8D0853F-E869-4A9E-B9AA-E0574C519B68}"
EndProject
Global
	GlobalSection(SolutionConfigurationPlatforms) = preSolution
		Debug|Any CPU = Debug|Any CPU
		Release|Any CPU = Release|Any CPU
	EndGlobalSection
	GlobalSection(ProjectConfigurationPlatforms) = postSolution
		{F17EA532-6F29-4884-A11D-36835E775DD3}.Debug|Any CPU.ActiveCfg = Debug|Any CPU
		{F17EA532-6F29-4884-A11D-36835E775DD3}.Debug|Any CPU.Build.0 = Debug|Any CPU
		{F17EA532-6F29-4884-A11D-36835E775DD3}.Release|Any CPU.ActiveCfg = Release|Any CPU
		{F17EA532-6F29-4884-A11D-36835E775DD3}.Release|Any CPU.Build.0 = Release|Any CPU
		{D8D0853F-E869-4A9E-B9AA-E0574C519B68}.Debug|Any CPU.ActiveCfg = Debug|Any CPU
		{D8D0853F-E869-4A9E-B9AA-E0574C519B68}.Debug|Any CPU.Build.0 = Debug|Any CPU
		{D8D0853F-E869-4A9E-B9AA-E0574C519B68}.Release|Any CPU.ActiveCfg = Release|Any CPU
		{D8D0853F-E869-4A9E-B9AA-E0574C519B68}.Release|Any CPU.Build.0 = Release|Any CPU
	EndGlobalSection
	GlobalSection(SolutionProperties) = preSolution
		HideSolutionNode = FALSE
	EndGlobalSection
EndGlobal
